
Microsoft Visual Studio Solution File, Format Version 12.00
# Visual Studio Version 17
VisualStudioVersion = 17.4.33213.308
MinimumVisualStudioVersion = 10.0.40219.1
Project("{FAE04EC0-301F-11D3-BF4B-00C04F79EFBC}") = "EulerMethodKoshi", "WindowsFormsApp1\EulerMethodKoshi.csproj", "{9469299C-61C8-41A3-8FF4-87B3E8B8DC94}"
EndProject
Global
	GlobalSection(SolutionConfigurationPlatforms) = preSolution
		Debug|Any CPU = Debug|Any CPU
		Release|Any CPU = Release|Any CPU
	EndGlobalSection
	GlobalSection(ProjectConfigurationPlatforms) = postSolution
		{9469299C-61C8-41A3-8FF4-87B3E8B8DC94}.Debug|Any CPU.ActiveCfg = Debug|Any CPU
		{9469299C-61C8-41A3-8FF4-87B3E8B8DC94}.Debug|Any CPU.Build.0 = Debug|Any CPU
		{9469299C-61C8-41A3-8FF4-87B3E8B8DC94}.Release|Any CPU.ActiveCfg = Release|Any CPU
		{9469299C-61C8-41A3-8FF4-87B3E8B8DC94}.Release|Any CPU.Build.0 = Release|Any CPU
	EndGlobalSection
	GlobalSection(SolutionProperties) = preSolution
		HideSolutionNode = FALSE
	EndGlobalSection
	GlobalSection(ExtensibilityGlobals) = postSolution
		SolutionGuid = {010015FA-EB33-4A20-B623-F3FCBF12CA89}
	EndGlobalSection
EndGlobal
